
Microsoft Visual Studio Solution File, Format Version 12.00
# Visual Studio Version 17
VisualStudioVersion = 17.2.32519.379
MinimumVisualStudioVersion = 10.0.40219.1
Project("{FAE04EC0-301F-11D3-BF4B-00C04F79EFBC}") = "CalculadoraIMC.Android", "CalculadoraIMC\CalculadoraIMC.Android\CalculadoraIMC.Android.csproj", "{35DB9D5B-4441-4CE8-BE9A-C399DD4A6719}"
EndProject
Project("{FAE04EC0-301F-11D3-BF4B-00C04F79EFBC}") = "CalculadoraIMC", "CalculadoraIMC\CalculadoraIMC\CalculadoraIMC.csproj", "{7C93BED6-504E-43A9-9946-09BE1DB20647}"
EndProject
Global
	GlobalSection(SolutionConfigurationPlatforms) = preSolution
		Debug|Any CPU = Debug|Any CPU
		Release|Any CPU = Release|Any CPU
	EndGlobalSection
	GlobalSection(ProjectConfigurationPlatforms) = postSolution
		{35DB9D5B-4441-4CE8-BE9A-C399DD4A6719}.Debug|Any CPU.ActiveCfg = Debug|Any CPU
		{35DB9D5B-4441-4CE8-BE9A-C399DD4A6719}.Debug|Any CPU.Build.0 = Debug|Any CPU
		{35DB9D5B-4441-4CE8-BE9A-C399DD4A6719}.Debug|Any CPU.Deploy.0 = Debug|Any CPU
		{35DB9D5B-4441-4CE8-BE9A-C399DD4A6719}.Release|Any CPU.ActiveCfg = Release|Any CPU
		{35DB9D5B-4441-4CE8-BE9A-C399DD4A6719}.Release|Any CPU.Build.0 = Release|Any CPU
		{35DB9D5B-4441-4CE8-BE9A-C399DD4A6719}.Release|Any CPU.Deploy.0 = Release|Any CPU
		{7C93BED6-504E-43A9-9946-09BE1DB20647}.Debug|Any CPU.ActiveCfg = Debug|Any CPU
		{7C93BED6-504E-43A9-9946-09BE1DB20647}.Debug|Any CPU.Build.0 = Debug|Any CPU
		{7C93BED6-504E-43A9-9946-09BE1DB20647}.Debug|Any CPU.Deploy.0 = Debug|Any CPU
		{7C93BED6-504E-43A9-9946-09BE1DB20647}.Release|Any CPU.ActiveCfg = Release|Any CPU
		{7C93BED6-504E-43A9-9946-09BE1DB20647}.Release|Any CPU.Build.0 = Release|Any CPU
		{7C93BED6-504E-43A9-9946-09BE1DB20647}.Release|Any CPU.Deploy.0 = Release|Any CPU
	EndGlobalSection
	GlobalSection(SolutionProperties) = preSolution
		HideSolutionNode = FALSE
	EndGlobalSection
	GlobalSection(ExtensibilityGlobals) = postSolution
		SolutionGuid = {EE493824-D887-4FBD-8408-5536A61AE874}
	EndGlobalSection
EndGlobal
